
Microsoft Visual Studio Solution File, Format Version 12.00
# Visual Studio Version 17
VisualStudioVersion = 17.11.35327.3
MinimumVisualStudioVersion = 10.0.40219.1
Project("{9A19103F-16F7-4668-BE54-9A1E7A4F7556}") = "01arraycolumns", "01arraycolumns\01arraycolumns.csproj", "{41E63553-5F7D-4E3A-AAED-29C30DA7B921}"
EndProject
Project("{9A19103F-16F7-4668-BE54-9A1E7A4F7556}") = "02Acustomlib", "02Acustomlib\02Acustomlib.csproj", "{E6584DF2-9A6E-4C31-8038-EA198858FE3F}"
EndProject
Project("{9A19103F-16F7-4668-BE54-9A1E7A4F7556}") = "02Bcustomlib", "02Bcustomlib\02Bcustomlib.csproj", "{E8891C5B-403E-47C7-A8AD-730C67C15247}"
EndProject
Project("{9A19103F-16F7-4668-BE54-9A1E7A4F7556}") = "03storagelist", "03storagelist\03storagelist.csproj", "{A459A1AF-8818-4921-8382-35FE7B729571}"
EndProject
Project("{9A19103F-16F7-4668-BE54-9A1E7A4F7556}") = "04relations", "04relations\04relations.csproj", "{0012F5D8-943C-481B-831C-E8F40B42E289}"
EndProject
Project("{9A19103F-16F7-4668-BE54-9A1E7A4F7556}") = "05units", "05units\05units.csproj", "{1F4122B7-A05A-45E3-A507-E3324E85AB47}"
EndProject
Project("{9A19103F-16F7-4668-BE54-9A1E7A4F7556}") = "06decorator", "06pizza\06decorator.csproj", "{DC6DCE16-60D0-4F8F-8779-AAABE4D674F7}"
EndProject
Project("{9A19103F-16F7-4668-BE54-9A1E7A4F7556}") = "07generic", "07generic\07generic.csproj", "{969CF170-0FFB-40E7-9075-5D841D72526B}"
EndProject
Project("{9A19103F-16F7-4668-BE54-9A1E7A4F7556}") = "08chain", "08chain\08chain.csproj", "{9F91949B-C444-4A2E-BF11-FE61939DE93F}"
EndProject
Project("{9A19103F-16F7-4668-BE54-9A1E7A4F7556}") = "09delegates", "09delegates\09delegates.csproj", "{BF3729AD-0394-4A4D-8163-D55161EE0002}"
EndProject
Project("{9A19103F-16F7-4668-BE54-9A1E7A4F7556}") = "10threads", "10threads\10threads.csproj", "{FFF4895E-5516-4FC1-A724-9276F1754319}"
EndProject
Project("{FAE04EC0-301F-11D3-BF4B-00C04F79EFBC}") = "11readingfilesviathreads", "11readingfilesviathreads\11readingfilesviathreads.csproj", "{696033D6-1CE5-48E5-971D-E5A4BCC31BDD}"
EndProject
Global
	GlobalSection(SolutionConfigurationPlatforms) = preSolution
		Debug|Any CPU = Debug|Any CPU
		Release|Any CPU = Release|Any CPU
	EndGlobalSection
	GlobalSection(ProjectConfigurationPlatforms) = postSolution
		{41E63553-5F7D-4E3A-AAED-29C30DA7B921}.Debug|Any CPU.ActiveCfg = Debug|Any CPU
		{41E63553-5F7D-4E3A-AAED-29C30DA7B921}.Debug|Any CPU.Build.0 = Debug|Any CPU
		{41E63553-5F7D-4E3A-AAED-29C30DA7B921}.Release|Any CPU.ActiveCfg = Release|Any CPU
		{41E63553-5F7D-4E3A-AAED-29C30DA7B921}.Release|Any CPU.Build.0 = Release|Any CPU
		{E6584DF2-9A6E-4C31-8038-EA198858FE3F}.Debug|Any CPU.ActiveCfg = Debug|Any CPU
		{E6584DF2-9A6E-4C31-8038-EA198858FE3F}.Debug|Any CPU.Build.0 = Debug|Any CPU
		{E6584DF2-9A6E-4C31-8038-EA198858FE3F}.Release|Any CPU.ActiveCfg = Release|Any CPU
		{E6584DF2-9A6E-4C31-8038-EA198858FE3F}.Release|Any CPU.Build.0 = Release|Any CPU
		{E8891C5B-403E-47C7-A8AD-730C67C15247}.Debug|Any CPU.ActiveCfg = Debug|Any CPU
		{E8891C5B-403E-47C7-A8AD-730C67C15247}.Debug|Any CPU.Build.0 = Debug|Any CPU
		{E8891C5B-403E-47C7-A8AD-730C67C15247}.Release|Any CPU.ActiveCfg = Release|Any CPU
		{E8891C5B-403E-47C7-A8AD-730C67C15247}.Release|Any CPU.Build.0 = Release|Any CPU
		{A459A1AF-8818-4921-8382-35FE7B729571}.Debug|Any CPU.ActiveCfg = Debug|Any CPU
		{A459A1AF-8818-4921-8382-35FE7B729571}.Debug|Any CPU.Build.0 = Debug|Any CPU
		{A459A1AF-8818-4921-8382-35FE7B729571}.Release|Any CPU.ActiveCfg = Release|Any CPU
		{A459A1AF-8818-4921-8382-35FE7B729571}.Release|Any CPU.Build.0 = Release|Any CPU
		{0012F5D8-943C-481B-831C-E8F40B42E289}.Debug|Any CPU.ActiveCfg = Debug|Any CPU
		{0012F5D8-943C-481B-831C-E8F40B42E289}.Debug|Any CPU.Build.0 = Debug|Any CPU
		{0012F5D8-943C-481B-831C-E8F40B42E289}.Release|Any CPU.ActiveCfg = Release|Any CPU
		{0012F5D8-943C-481B-831C-E8F40B42E289}.Release|Any CPU.Build.0 = Release|Any CPU
		{1F4122B7-A05A-45E3-A507-E3324E85AB47}.Debug|Any CPU.ActiveCfg = Debug|Any CPU
		{1F4122B7-A05A-45E3-A507-E3324E85AB47}.Debug|Any CPU.Build.0 = Debug|Any CPU
		{1F4122B7-A05A-45E3-A507-E3324E85AB47}.Release|Any CPU.ActiveCfg = Release|Any CPU
		{1F4122B7-A05A-45E3-A507-E3324E85AB47}.Release|Any CPU.Build.0 = Release|Any CPU
		{DC6DCE16-60D0-4F8F-8779-AAABE4D674F7}.Debug|Any CPU.ActiveCfg = Debug|Any CPU
		{DC6DCE16-60D0-4F8F-8779-AAABE4D674F7}.Debug|Any CPU.Build.0 = Debug|Any CPU
		{DC6DCE16-60D0-4F8F-8779-AAABE4D674F7}.Release|Any CPU.ActiveCfg = Release|Any CPU
		{DC6DCE16-60D0-4F8F-8779-AAABE4D674F7}.Release|Any CPU.Build.0 = Release|Any CPU
		{969CF170-0FFB-40E7-9075-5D841D72526B}.Debug|Any CPU.ActiveCfg = Debug|Any CPU
		{969CF170-0FFB-40E7-9075-5D841D72526B}.Debug|Any CPU.Build.0 = Debug|Any CPU
		{969CF170-0FFB-40E7-9075-5D841D72526B}.Release|Any CPU.ActiveCfg = Release|Any CPU
		{969CF170-0FFB-40E7-9075-5D841D72526B}.Release|Any CPU.Build.0 = Release|Any CPU
		{9F91949B-C444-4A2E-BF11-FE61939DE93F}.Debug|Any CPU.ActiveCfg = Debug|Any CPU
		{9F91949B-C444-4A2E-BF11-FE61939DE93F}.Debug|Any CPU.Build.0 = Debug|Any CPU
		{9F91949B-C444-4A2E-BF11-FE61939DE93F}.Release|Any CPU.ActiveCfg = Release|Any CPU
		{9F91949B-C444-4A2E-BF11-FE61939DE93F}.Release|Any CPU.Build.0 = Release|Any CPU
		{BF3729AD-0394-4A4D-8163-D55161EE0002}.Debug|Any CPU.ActiveCfg = Debug|Any CPU
		{BF3729AD-0394-4A4D-8163-D55161EE0002}.Debug|Any CPU.Build.0 = Debug|Any CPU
		{BF3729AD-0394-4A4D-8163-D55161EE0002}.Release|Any CPU.ActiveCfg = Release|Any CPU
		{BF3729AD-0394-4A4D-8163-D55161EE0002}.Release|Any CPU.Build.0 = Release|Any CPU
		{FFF4895E-5516-4FC1-A724-9276F1754319}.Debug|Any CPU.ActiveCfg = Debug|Any CPU
		{FFF4895E-5516-4FC1-A724-9276F1754319}.Debug|Any CPU.Build.0 = Debug|Any CPU
		{FFF4895E-5516-4FC1-A724-9276F1754319}.Release|Any CPU.ActiveCfg = Release|Any CPU
		{FFF4895E-5516-4FC1-A724-9276F1754319}.Release|Any CPU.Build.0 = Release|Any CPU
		{696033D6-1CE5-48E5-971D-E5A4BCC31BDD}.Debug|Any CPU.ActiveCfg = Debug|Any CPU
		{696033D6-1CE5-48E5-971D-E5A4BCC31BDD}.Debug|Any CPU.Build.0 = Debug|Any CPU
		{696033D6-1CE5-48E5-971D-E5A4BCC31BDD}.Release|Any CPU.ActiveCfg = Release|Any CPU
		{696033D6-1CE5-48E5-971D-E5A4BCC31BDD}.Release|Any CPU.Build.0 = Release|Any CPU
	EndGlobalSection
	GlobalSection(SolutionProperties) = preSolution
		HideSolutionNode = FALSE
	EndGlobalSection
	GlobalSection(ExtensibilityGlobals) = postSolution
		SolutionGuid = {4199619F-268A-4380-8CEB-DE3A8B88088E}
	EndGlobalSection
EndGlobal
